
Microsoft Visual Studio Solution File, Format Version 12.00
# Visual Studio Version 16
VisualStudioVersion = 16.0.29613.14
MinimumVisualStudioVersion = 10.0.40219.1
Project("{FAE04EC0-301F-11D3-BF4B-00C04F79EFBC}") = "unit-tests", "unit-tests\unit-tests.csproj", "{1BFEBD27-D5B3-4615-B224-1475D92871D5}"
EndProject
Project("{FAE04EC0-301F-11D3-BF4B-00C04F79EFBC}") = "ui", "ui\ui.csproj", "{917FBE16-26C5-4109-95A2-67222E82D061}"
EndProject
Project("{FAE04EC0-301F-11D3-BF4B-00C04F79EFBC}") = "WPFUI", "WPFUI\WPFUI.csproj", "{FD959EF1-30DB-4144-B018-1CF0CE7D89F8}"
EndProject
Global
	GlobalSection(SolutionConfigurationPlatforms) = preSolution
		Debug|Any CPU = Debug|Any CPU
		Release|Any CPU = Release|Any CPU
	EndGlobalSection
	GlobalSection(ProjectConfigurationPlatforms) = postSolution
		{1BFEBD27-D5B3-4615-B224-1475D92871D5}.Debug|Any CPU.ActiveCfg = Debug|Any CPU
		{1BFEBD27-D5B3-4615-B224-1475D92871D5}.Debug|Any CPU.Build.0 = Debug|Any CPU
		{1BFEBD27-D5B3-4615-B224-1475D92871D5}.Release|Any CPU.ActiveCfg = Release|Any CPU
		{1BFEBD27-D5B3-4615-B224-1475D92871D5}.Release|Any CPU.Build.0 = Release|Any CPU
		{917FBE16-26C5-4109-95A2-67222E82D061}.Debug|Any CPU.ActiveCfg = Debug|Any CPU
		{917FBE16-26C5-4109-95A2-67222E82D061}.Debug|Any CPU.Build.0 = Debug|Any CPU
		{917FBE16-26C5-4109-95A2-67222E82D061}.Release|Any CPU.ActiveCfg = Release|Any CPU
		{917FBE16-26C5-4109-95A2-67222E82D061}.Release|Any CPU.Build.0 = Release|Any CPU
		{FD959EF1-30DB-4144-B018-1CF0CE7D89F8}.Debug|Any CPU.ActiveCfg = Debug|Any CPU
		{FD959EF1-30DB-4144-B018-1CF0CE7D89F8}.Debug|Any CPU.Build.0 = Debug|Any CPU
		{FD959EF1-30DB-4144-B018-1CF0CE7D89F8}.Release|Any CPU.ActiveCfg = Release|Any CPU
		{FD959EF1-30DB-4144-B018-1CF0CE7D89F8}.Release|Any CPU.Build.0 = Release|Any CPU
	EndGlobalSection
	GlobalSection(SolutionProperties) = preSolution
		HideSolutionNode = FALSE
	EndGlobalSection
	GlobalSection(ExtensibilityGlobals) = postSolution
		SolutionGuid = {B86F7742-4F61-4EBA-A538-32D7452979B4}
	EndGlobalSection
EndGlobal
